
Microsoft Visual Studio Solution File, Format Version 12.00
# Visual Studio Version 17
VisualStudioVersion = 17.10.35122.118
MinimumVisualStudioVersion = 10.0.40219.1
Project("{FAE04EC0-301F-11D3-BF4B-00C04F79EFBC}") = "KeypadProject", "KeypadProject\KeypadProject.csproj", "{3617A9BE-A0EF-4CAE-BC0F-AB39FB7FB56A}"
EndProject
Global
	GlobalSection(SolutionConfigurationPlatforms) = preSolution
		Debug|Any CPU = Debug|Any CPU
		Release|Any CPU = Release|Any CPU
	EndGlobalSection
	GlobalSection(ProjectConfigurationPlatforms) = postSolution
		{3617A9BE-A0EF-4CAE-BC0F-AB39FB7FB56A}.Debug|Any CPU.ActiveCfg = Debug|Any CPU
		{3617A9BE-A0EF-4CAE-BC0F-AB39FB7FB56A}.Debug|Any CPU.Build.0 = Debug|Any CPU
		{3617A9BE-A0EF-4CAE-BC0F-AB39FB7FB56A}.Release|Any CPU.ActiveCfg = Release|Any CPU
		{3617A9BE-A0EF-4CAE-BC0F-AB39FB7FB56A}.Release|Any CPU.Build.0 = Release|Any CPU
	EndGlobalSection
	GlobalSection(SolutionProperties) = preSolution
		HideSolutionNode = FALSE
	EndGlobalSection
	GlobalSection(ExtensibilityGlobals) = postSolution
		SolutionGuid = {0B1B73B4-93C7-4E3A-A038-DD246A4639E9}
	EndGlobalSection
EndGlobal
